
Microsoft Visual Studio Solution File, Format Version 12.00
# Visual Studio Version 17
VisualStudioVersion = 17.5.33502.453
MinimumVisualStudioVersion = 10.0.40219.1
Project("{FAE04EC0-301F-11D3-BF4B-00C04F79EFBC}") = "A2-UF3-AutenticacióFirebase", "A2-UF3-AutenticacióFirebase\A2-UF3-AutenticacióFirebase.csproj", "{AB5EC117-E403-4F82-8495-5B64F47D2D09}"
EndProject
Global
	GlobalSection(SolutionConfigurationPlatforms) = preSolution
		Debug|Any CPU = Debug|Any CPU
		Release|Any CPU = Release|Any CPU
	EndGlobalSection
	GlobalSection(ProjectConfigurationPlatforms) = postSolution
		{AB5EC117-E403-4F82-8495-5B64F47D2D09}.Debug|Any CPU.ActiveCfg = Debug|Any CPU
		{AB5EC117-E403-4F82-8495-5B64F47D2D09}.Debug|Any CPU.Build.0 = Debug|Any CPU
		{AB5EC117-E403-4F82-8495-5B64F47D2D09}.Release|Any CPU.ActiveCfg = Release|Any CPU
		{AB5EC117-E403-4F82-8495-5B64F47D2D09}.Release|Any CPU.Build.0 = Release|Any CPU
	EndGlobalSection
	GlobalSection(SolutionProperties) = preSolution
		HideSolutionNode = FALSE
	EndGlobalSection
	GlobalSection(ExtensibilityGlobals) = postSolution
		SolutionGuid = {2C1D67B4-74ED-4849-82C8-949770264343}
	EndGlobalSection
EndGlobal
